
Microsoft Visual Studio Solution File, Format Version 12.00
# Visual Studio 2012
Project("{FAE04EC0-301F-11D3-BF4B-00C04F79EFBC}") = "waiterPlatform", "waiterPlatform\waiterPlatform.csproj", "{58749244-D106-4CAE-A3E8-DD69AE9186DB}"
EndProject
Project("{FAE04EC0-301F-11D3-BF4B-00C04F79EFBC}") = "yumiyumi", "..\..\user\yumiyumi\yumiyumi\yumiyumi.csproj", "{1DD6B0CD-F8C6-4DC4-9CAE-87DD5CBBB236}"
EndProject
Project("{FAE04EC0-301F-11D3-BF4B-00C04F79EFBC}") = "yumiyumiDB", "..\..\db\yumiyumiDB\yumiyumiDB\yumiyumiDB.csproj", "{93C5164D-F0D4-43B7-9C0D-0DE63A3B27C3}"
EndProject
Project("{FAE04EC0-301F-11D3-BF4B-00C04F79EFBC}") = "offical", "..\..\offical\offical\offical.csproj", "{136AAD8B-13E7-474D-9A92-7D71C2610A0E}"
EndProject
Global
	GlobalSection(SolutionConfigurationPlatforms) = preSolution
		Debug|Any CPU = Debug|Any CPU
		Release|Any CPU = Release|Any CPU
	EndGlobalSection
	GlobalSection(ProjectConfigurationPlatforms) = postSolution
		{58749244-D106-4CAE-A3E8-DD69AE9186DB}.Debug|Any CPU.ActiveCfg = Debug|Any CPU
		{58749244-D106-4CAE-A3E8-DD69AE9186DB}.Debug|Any CPU.Build.0 = Debug|Any CPU
		{58749244-D106-4CAE-A3E8-DD69AE9186DB}.Release|Any CPU.ActiveCfg = Release|Any CPU
		{58749244-D106-4CAE-A3E8-DD69AE9186DB}.Release|Any CPU.Build.0 = Release|Any CPU
		{1DD6B0CD-F8C6-4DC4-9CAE-87DD5CBBB236}.Debug|Any CPU.ActiveCfg = Debug|Any CPU
		{1DD6B0CD-F8C6-4DC4-9CAE-87DD5CBBB236}.Debug|Any CPU.Build.0 = Debug|Any CPU
		{1DD6B0CD-F8C6-4DC4-9CAE-87DD5CBBB236}.Release|Any CPU.ActiveCfg = Release|Any CPU
		{1DD6B0CD-F8C6-4DC4-9CAE-87DD5CBBB236}.Release|Any CPU.Build.0 = Release|Any CPU
		{93C5164D-F0D4-43B7-9C0D-0DE63A3B27C3}.Debug|Any CPU.ActiveCfg = Debug|Any CPU
		{93C5164D-F0D4-43B7-9C0D-0DE63A3B27C3}.Debug|Any CPU.Build.0 = Debug|Any CPU
		{93C5164D-F0D4-43B7-9C0D-0DE63A3B27C3}.Release|Any CPU.ActiveCfg = Release|Any CPU
		{93C5164D-F0D4-43B7-9C0D-0DE63A3B27C3}.Release|Any CPU.Build.0 = Release|Any CPU
		{136AAD8B-13E7-474D-9A92-7D71C2610A0E}.Debug|Any CPU.ActiveCfg = Debug|Any CPU
		{136AAD8B-13E7-474D-9A92-7D71C2610A0E}.Debug|Any CPU.Build.0 = Debug|Any CPU
		{136AAD8B-13E7-474D-9A92-7D71C2610A0E}.Release|Any CPU.ActiveCfg = Release|Any CPU
		{136AAD8B-13E7-474D-9A92-7D71C2610A0E}.Release|Any CPU.Build.0 = Release|Any CPU
	EndGlobalSection
	GlobalSection(SolutionProperties) = preSolution
		HideSolutionNode = FALSE
	EndGlobalSection
EndGlobal
